// !$*UTF8*$!
{
	archiveVersion = 1;
	classes = {
	};
	objectVersion = 46;
	objects = {

/* Begin PBXBuildFile section */
		FB014CFD1C6F7E7000AC079B /* AppDelegate.swift in Sources */ = {isa = PBXBuildFile; fileRef = FB014CFC1C6F7E7000AC079B /* AppDelegate.swift */; };
		FB014CFF1C6F7E7000AC079B /* ViewController.swift in Sources */ = {isa = PBXBuildFile; fileRef = FB014CFE1C6F7E7000AC079B /* ViewController.swift */; };
		FB014D021C6F7E7000AC079B /* Main.storyboard in Resources */ = {isa = PBXBuildFile; fileRef = FB014D001C6F7E7000AC079B /* Main.storyboard */; };
		FB014D041C6F7E7000AC079B /* Assets.xcassets in Resources */ = {isa = PBXBuildFile; fileRef = FB014D031C6F7E7000AC079B /* Assets.xcassets */; };
		FB014D071C6F7E7000AC079B /* LaunchScreen.storyboard in Resources */ = {isa = PBXBuildFile; fileRef = FB014D051C6F7E7000AC079B /* LaunchScreen.storyboard */; };
		FB014D0F1C6F86F400AC079B /* pokemon.csv in Resources */ = {isa = PBXBuildFile; fileRef = FB014D0E1C6F86F400AC079B /* pokemon.csv */; };
		FB014D121C6F882F00AC079B /* Pokemon.swift in Sources */ = {isa = PBXBuildFile; fileRef = FB014D111C6F882F00AC079B /* Pokemon.swift */; };
		FB014D151C6F9B8B00AC079B /* PokeCell.swift in Sources */ = {isa = PBXBuildFile; fileRef = FB014D141C6F9B8B00AC079B /* PokeCell.swift */; };
		FB014D171C6FB41500AC079B /* csv.swift in Sources */ = {isa = PBXBuildFile; fileRef = FB014D161C6FB41500AC079B /* csv.swift */; };
		FB014D1C1C70809300AC079B /* PokemonSolid.ttf in Resources */ = {isa = PBXBuildFile; fileRef = FB014D1B1C70809300AC079B /* PokemonSolid.ttf */; };
		FB014D1E1C70BD3C00AC079B /* PokeDetailVC.swift in Sources */ = {isa = PBXBuildFile; fileRef = FB014D1D1C70BD3C00AC079B /* PokeDetailVC.swift */; };
/* End PBXBuildFile section */

/* Begin PBXFileReference section */
		FB014CF91C6F7E7000AC079B /* pokedex.app */ = {isa = PBXFileReference; explicitFileType = wrapper.application; includeInIndex = 0; path = pokedex.app; sourceTree = BUILT_PRODUCTS_DIR; };
		FB014CFC1C6F7E7000AC079B /* AppDelegate.swift */ = {isa = PBXFileReference; lastKnownFileType = sourcecode.swift; path = AppDelegate.swift; sourceTree = "<group>"; };
		FB014CFE1C6F7E7000AC079B /* ViewController.swift */ = {isa = PBXFileReference; lastKnownFileType = sourcecode.swift; path = ViewController.swift; sourceTree = "<group>"; };
		FB014D011C6F7E7000AC079B /* Base */ = {isa = PBXFileReference; lastKnownFileType = file.storyboard; name = Base; path = Base.lproj/Main.storyboard; sourceTree = "<group>"; };
		FB014D031C6F7E7000AC079B /* Assets.xcassets */ = {isa = PBXFileReference; lastKnownFileType = folder.assetcatalog; path = Assets.xcassets; sourceTree = "<group>"; };
		FB014D061C6F7E7000AC079B /* Base */ = {isa = PBXFileReference; lastKnownFileType = file.storyboard; name = Base; path = Base.lproj/LaunchScreen.storyboard; sourceTree = "<group>"; };
		FB014D081C6F7E7000AC079B /* Info.plist */ = {isa = PBXFileReference; lastKnownFileType = text.plist.xml; path = Info.plist; sourceTree = "<group>"; };
		FB014D0E1C6F86F400AC079B /* pokemon.csv */ = {isa = PBXFileReference; fileEncoding = 4; lastKnownFileType = text; path = pokemon.csv; sourceTree = "<group>"; };
		FB014D111C6F882F00AC079B /* Pokemon.swift */ = {isa = PBXFileReference; fileEncoding = 4; lastKnownFileType = sourcecode.swift; path = Pokemon.swift; sourceTree = "<group>"; };
		FB014D141C6F9B8B00AC079B /* PokeCell.swift */ = {isa = PBXFileReference; fileEncoding = 4; lastKnownFileType = sourcecode.swift; path = PokeCell.swift; sourceTree = "<group>"; };
		FB014D161C6FB41500AC079B /* csv.swift */ = {isa = PBXFileReference; fileEncoding = 4; lastKnownFileType = sourcecode.swift; path = csv.swift; sourceTree = "<group>"; };
		FB014D1B1C70809300AC079B /* PokemonSolid.ttf */ = {isa = PBXFileReference; lastKnownFileType = file; path = PokemonSolid.ttf; sourceTree = "<group>"; };
		FB014D1D1C70BD3C00AC079B /* PokeDetailVC.swift */ = {isa = PBXFileReference; fileEncoding = 4; lastKnownFileType = sourcecode.swift; path = PokeDetailVC.swift; sourceTree = "<group>"; };
/* End PBXFileReference section */

/* Begin PBXFrameworksBuildPhase section */
		FB014CF61C6F7E7000AC079B /* Frameworks */ = {
			isa = PBXFrameworksBuildPhase;
			buildActionMask = 2147483647;
			files = (
			);
			runOnlyForDeploymentPostprocessing = 0;
		};
/* End PBXFrameworksBuildPhase section */

/* Begin PBXGroup section */
		FB014CF01C6F7E7000AC079B = {
			isa = PBXGroup;
			children = (
				FB014CFB1C6F7E7000AC079B /* pokedex */,
				FB014CFA1C6F7E7000AC079B /* Products */,
			);
			sourceTree = "<group>";
		};
		FB014CFA1C6F7E7000AC079B /* Products */ = {
			isa = PBXGroup;
			children = (
				FB014CF91C6F7E7000AC079B /* pokedex.app */,
			);
			name = Products;
			sourceTree = "<group>";
		};
		FB014CFB1C6F7E7000AC079B /* pokedex */ = {
			isa = PBXGroup;
			children = (
				FB014D101C6F880C00AC079B /* Model */,
				FB014D1A1C6FB44E00AC079B /* Resources */,
				FB014D191C6FB44200AC079B /* Controller */,
				FB014D181C6FB43600AC079B /* Util */,
				FB014D131C6F9B6500AC079B /* View */,
				FB014CFC1C6F7E7000AC079B /* AppDelegate.swift */,
				FB014D001C6F7E7000AC079B /* Main.storyboard */,
				FB014D031C6F7E7000AC079B /* Assets.xcassets */,
				FB014D051C6F7E7000AC079B /* LaunchScreen.storyboard */,
				FB014D081C6F7E7000AC079B /* Info.plist */,
			);
			path = pokedex;
			sourceTree = "<group>";
		};
		FB014D101C6F880C00AC079B /* Model */ = {
			isa = PBXGroup;
			children = (
				FB014D111C6F882F00AC079B /* Pokemon.swift */,
			);
			name = Model;
			sourceTree = "<group>";
		};
		FB014D131C6F9B6500AC079B /* View */ = {
			isa = PBXGroup;
			children = (
				FB014D141C6F9B8B00AC079B /* PokeCell.swift */,
			);
			name = View;
			sourceTree = "<group>";
		};
		FB014D181C6FB43600AC079B /* Util */ = {
			isa = PBXGroup;
			children = (
				FB014D161C6FB41500AC079B /* csv.swift */,
			);
			name = Util;
			sourceTree = "<group>";
		};
		FB014D191C6FB44200AC079B /* Controller */ = {
			isa = PBXGroup;
			children = (
				FB014CFE1C6F7E7000AC079B /* ViewController.swift */,
				FB014D1D1C70BD3C00AC079B /* PokeDetailVC.swift */,
			);
			name = Controller;
			sourceTree = "<group>";
		};
		FB014D1A1C6FB44E00AC079B /* Resources */ = {
			isa = PBXGroup;
			children = (
				FB014D0E1C6F86F400AC079B /* pokemon.csv */,
				FB014D1B1C70809300AC079B /* PokemonSolid.ttf */,
			);
			name = Resources;
			sourceTree = "<group>";
		};
/* End PBXGroup section */

/* Begin PBXNativeTarget section */
		FB014CF81C6F7E7000AC079B /* pokedex */ = {
			isa = PBXNativeTarget;
			buildConfigurationList = FB014D0B1C6F7E7000AC079B /* Build configuration list for PBXNativeTarget "pokedex" */;
			buildPhases = (
				FB014CF51C6F7E7000AC079B /* Sources */,
				FB014CF61C6F7E7000AC079B /* Frameworks */,
				FB014CF71C6F7E7000AC079B /* Resources */,
			);
			buildRules = (
			);
			dependencies = (
			);
			name = pokedex;
			productName = pokedex;
			productReference = FB014CF91C6F7E7000AC079B /* pokedex.app */;
			productType = "com.apple.product-type.application";
		};
/* End PBXNativeTarget section */

/* Begin PBXProject section */
		FB014CF11C6F7E7000AC079B /* Project object */ = {
			isa = PBXProject;
			attributes = {
				LastSwiftUpdateCheck = 0720;
				LastUpgradeCheck = 0720;
				ORGANIZATIONNAME = vihanggodbole;
				TargetAttributes = {
					FB014CF81C6F7E7000AC079B = {
						CreatedOnToolsVersion = 7.2.1;
					};
				};
			};
			buildConfigurationList = FB014CF41C6F7E7000AC079B /* Build configuration list for PBXProject "pokedex" */;
			compatibilityVersion = "Xcode 3.2";
			developmentRegion = English;
			hasScannedForEncodings = 0;
			knownRegions = (
				en,
				Base,
			);
			mainGroup = FB014CF01C6F7E7000AC079B;
			productRefGroup = FB014CFA1C6F7E7000AC079B /* Products */;
			projectDirPath = "";
			projectRoot = "";
			targets = (
				FB014CF81C6F7E7000AC079B /* pokedex */,
			);
		};
/* End PBXProject section */

/* Begin PBXResourcesBuildPhase section */
		FB014CF71C6F7E7000AC079B /* Resources */ = {
			isa = PBXResourcesBuildPhase;
			buildActionMask = 2147483647;
			files = (
				FB014D1C1C70809300AC079B /* PokemonSolid.ttf in Resources */,
				FB014D071C6F7E7000AC079B /* LaunchScreen.storyboard in Resources */,
				FB014D041C6F7E7000AC079B /* Assets.xcassets in Resources */,
				FB014D0F1C6F86F400AC079B /* pokemon.csv in Resources */,
				FB014D021C6F7E7000AC079B /* Main.storyboard in Resources */,
			);
			runOnlyForDeploymentPostprocessing = 0;
		};
/* End PBXResourcesBuildPhase section */

/* Begin PBXSourcesBuildPhase section */
		FB014CF51C6F7E7000AC079B /* Sources */ = {
			isa = PBXSourcesBuildPhase;
			buildActionMask = 2147483647;
			files = (
				FB014D151C6F9B8B00AC079B /* PokeCell.swift in Sources */,
				FB014CFF1C6F7E7000AC079B /* ViewController.swift in Sources */,
				FB014CFD1C6F7E7000AC079B /* AppDelegate.swift in Sources */,
				FB014D121C6F882F00AC079B /* Pokemon.swift in Sources */,
				FB014D1E1C70BD3C00AC079B /* PokeDetailVC.swift in Sources */,
				FB014D171C6FB41500AC079B /* csv.swift in Sources */,
			);
			runOnlyForDeploymentPostprocessing = 0;
		};
/* End PBXSourcesBuildPhase section */

/* Begin PBXVariantGroup section */
		FB014D001C6F7E7000AC079B /* Main.storyboard */ = {
			isa = PBXVariantGroup;
			children = (
				FB014D011C6F7E7000AC079B /* Base */,
			);
			name = Main.storyboard;
			sourceTree = "<group>";
		};
		FB014D051C6F7E7000AC079B /* LaunchScreen.storyboard */ = {
			isa = PBXVariantGroup;
			children = (
				FB014D061C6F7E7000AC079B /* Base */,
			);
			name = LaunchScreen.storyboard;
			sourceTree = "<group>";
		};
/* End PBXVariantGroup section */

/* Begin XCBuildConfiguration section */
		FB014D091C6F7E7000AC079B /* Debug */ = {
			isa = XCBuildConfiguration;
			buildSettings = {
				ALWAYS_SEARCH_USER_PATHS = NO;
				CLANG_CXX_LANGUAGE_STANDARD = "gnu++0x";
				CLANG_CXX_LIBRARY = "libc++";
				CLANG_ENABLE_MODULES = YES;
				CLANG_ENABLE_OBJC_ARC = YES;
				CLANG_WARN_BOOL_CONVERSION = YES;
				CLANG_WARN_CONSTANT_CONVERSION = YES;
				CLANG_WARN_DIRECT_OBJC_ISA_USAGE = YES_ERROR;
				CLANG_WARN_EMPTY_BODY = YES;
				CLANG_WARN_ENUM_CONVERSION = YES;
				CLANG_WARN_INT_CONVERSION = YES;
				CLANG_WARN_OBJC_ROOT_CLASS = YES_ERROR;
				CLANG_WARN_UNREACHABLE_CODE = YES;
				CLANG_WARN__DUPLICATE_METHOD_MATCH = YES;
				"CODE_SIGN_IDENTITY[sdk=iphoneos*]" = "iPhone Developer";
				COPY_PHASE_STRIP = NO;
				DEBUG_INFORMATION_FORMAT = dwarf;
				ENABLE_STRICT_OBJC_MSGSEND = YES;
				ENABLE_TESTABILITY = YES;
				GCC_C_LANGUAGE_STANDARD = gnu99;
				GCC_DYNAMIC_NO_PIC = NO;
				GCC_NO_COMMON_BLOCKS = YES;
				GCC_OPTIMIZATION_LEVEL = 0;
				GCC_PREPROCESSOR_DEFINITIONS = (
					"DEBUG=1",
					"$(inherited)",
				);
				GCC_WARN_64_TO_32_BIT_CONVERSION = YES;
				GCC_WARN_ABOUT_RETURN_TYPE = YES_ERROR;
				GCC_WARN_UNDECLARED_SELECTOR = YES;
				GCC_WARN_UNINITIALIZED_AUTOS = YES_AGGRESSIVE;
				GCC_WARN_UNUSED_FUNCTION = YES;
				GCC_WARN_UNUSED_VARIABLE = YES;
				IPHONEOS_DEPLOYMENT_TARGET = 9.2;
				MTL_ENABLE_DEBUG_INFO = YES;
				ONLY_ACTIVE_ARCH = YES;
				SDKROOT = iphoneos;
				SWIFT_OPTIMIZATION_LEVEL = "-Onone";
				TARGETED_DEVICE_FAMILY = "1,2";
			};
			name = Debug;
		};
		FB014D0A1C6F7E7000AC079B /* Release */ = {
			isa = XCBuildConfiguration;
			buildSettings = {
				ALWAYS_SEARCH_USER_PATHS = NO;
				CLANG_CXX_LANGUAGE_STANDARD = "gnu++0x";
				CLANG_CXX_LIBRARY = "libc++";
				CLANG_ENABLE_MODULES = YES;
				CLANG_ENABLE_OBJC_ARC = YES;
				CLANG_WARN_BOOL_CONVERSION = YES;
				CLANG_WARN_CONSTANT_CONVERSION = YES;
				CLANG_WARN_DIRECT_OBJC_ISA_USAGE = YES_ERROR;
				CLANG_WARN_EMPTY_BODY = YES;
				CLANG_WARN_ENUM_CONVERSION = YES;
				CLANG_WARN_INT_CONVERSION = YES;
				CLANG_WARN_OBJC_ROOT_CLASS = YES_ERROR;
				CLANG_WARN_UNREACHABLE_CODE = YES;
				CLANG_WARN__DUPLICATE_METHOD_MATCH = YES;
				"CODE_SIGN_IDENTITY[sdk=iphoneos*]" = "iPhone Developer";
				COPY_PHASE_STRIP = NO;
				DEBUG_INFORMATION_FORMAT = "dwarf-with-dsym";
				ENABLE_NS_ASSERTIONS = NO;
				ENABLE_STRICT_OBJC_MSGSEND = YES;
				GCC_C_LANGUAGE_STANDARD = gnu99;
				GCC_NO_COMMON_BLOCKS = YES;
				GCC_WARN_64_TO_32_BIT_CONVERSION = YES;
				GCC_WARN_ABOUT_RETURN_TYPE = YES_ERROR;
				GCC_WARN_UNDECLARED_SELECTOR = YES;
				GCC_WARN_UNINITIALIZED_AUTOS = YES_AGGRESSIVE;
				GCC_WARN_UNUSED_FUNCTION = YES;
				GCC_WARN_UNUSED_VARIABLE = YES;
				IPHONEOS_DEPLOYMENT_TARGET = 9.2;
				MTL_ENABLE_DEBUG_INFO = NO;
				SDKROOT = iphoneos;
				TARGETED_DEVICE_FAMILY = "1,2";
				VALIDATE_PRODUCT = YES;
			};
			name = Release;
		};
		FB014D0C1C6F7E7000AC079B /* Debug */ = {
			isa = XCBuildConfiguration;
			buildSettings = {
				ASSETCATALOG_COMPILER_APPICON_NAME = AppIcon;
				INFOPLIST_FILE = pokedex/Info.plist;
				LD_RUNPATH_SEARCH_PATHS = "$(inherited) @executable_path/Frameworks";
				PRODUCT_BUNDLE_IDENTIFIER = com.godbolevihang.pokedex;
				PRODUCT_NAME = "$(TARGET_NAME)";
			};
			name = Debug;
		};
		FB014D0D1C6F7E7000AC079B /* Release */ = {
			isa = XCBuildConfiguration;
			buildSettings = {
				ASSETCATALOG_COMPILER_APPICON_NAME = AppIcon;
				INFOPLIST_FILE = pokedex/Info.plist;
				LD_RUNPATH_SEARCH_PATHS = "$(inherited) @executable_path/Frameworks";
				PRODUCT_BUNDLE_IDENTIFIER = com.godbolevihang.pokedex;
				PRODUCT_NAME = "$(TARGET_NAME)";
			};
			name = Release;
		};
/* End XCBuildConfiguration section */

/* Begin XCConfigurationList section */
		FB014CF41C6F7E7000AC079B /* Build configuration list for PBXProject "pokedex" */ = {
			isa = XCConfigurationList;
			buildConfigurations = (
				FB014D091C6F7E7000AC079B /* Debug */,
				FB014D0A1C6F7E7000AC079B /* Release */,
			);
			defaultConfigurationIsVisible = 0;
			defaultConfigurationName = Release;
		};
		FB014D0B1C6F7E7000AC079B /* Build configuration list for PBXNativeTarget "pokedex" */ = {
			isa = XCConfigurationList;
			buildConfigurations = (
				FB014D0C1C6F7E7000AC079B /* Debug */,
				FB014D0D1C6F7E7000AC079B /* Release */,
			);
			defaultConfigurationIsVisible = 0;
			defaultConfigurationName = Release;
		};
/* End XCConfigurationList section */
	};
	rootObject = FB014CF11C6F7E7000AC079B /* Project object */;
}
